
Microsoft Visual Studio Solution File, Format Version 12.00
# Visual Studio Version 16
VisualStudioVersion = 16.0.31005.135
MinimumVisualStudioVersion = 10.0.40219.1
Project("{FAE04EC0-301F-11D3-BF4B-00C04F79EFBC}") = "QTSBilling_System GUI", "QTSBilling_System GUI.csproj", "{F92CF7F9-0DB0-4FE3-9172-EB98E64E1F7C}"
EndProject
Global
	GlobalSection(SolutionConfigurationPlatforms) = preSolution
		Debug|Any CPU = Debug|Any CPU
		Release|Any CPU = Release|Any CPU
	EndGlobalSection
	GlobalSection(ProjectConfigurationPlatforms) = postSolution
		{F92CF7F9-0DB0-4FE3-9172-EB98E64E1F7C}.Debug|Any CPU.ActiveCfg = Debug|Any CPU
		{F92CF7F9-0DB0-4FE3-9172-EB98E64E1F7C}.Debug|Any CPU.Build.0 = Debug|Any CPU
		{F92CF7F9-0DB0-4FE3-9172-EB98E64E1F7C}.Release|Any CPU.ActiveCfg = Release|Any CPU
		{F92CF7F9-0DB0-4FE3-9172-EB98E64E1F7C}.Release|Any CPU.Build.0 = Release|Any CPU
	EndGlobalSection
	GlobalSection(SolutionProperties) = preSolution
		HideSolutionNode = FALSE
	EndGlobalSection
	GlobalSection(ExtensibilityGlobals) = postSolution
		SolutionGuid = {0C891AE2-4608-475B-81F1-D700ECEA974F}
	EndGlobalSection
EndGlobal
